
Microsoft Visual Studio Solution File, Format Version 12.00
# Visual Studio 15
VisualStudioVersion = 15.0.27428.2037
MinimumVisualStudioVersion = 10.0.40219.1
Project("{FAE04EC0-301F-11D3-BF4B-00C04F79EFBC}") = "sampleApp", "sampleApp\sampleApp.csproj", "{2BDD84C2-3615-414C-93FB-B11D628418A2}"
EndProject
Global
	GlobalSection(SolutionConfigurationPlatforms) = preSolution
		Debug|Any CPU = Debug|Any CPU
		Release|Any CPU = Release|Any CPU
	EndGlobalSection
	GlobalSection(ProjectConfigurationPlatforms) = postSolution
		{2BDD84C2-3615-414C-93FB-B11D628418A2}.Debug|Any CPU.ActiveCfg = Debug|Any CPU
		{2BDD84C2-3615-414C-93FB-B11D628418A2}.Debug|Any CPU.Build.0 = Debug|Any CPU
		{2BDD84C2-3615-414C-93FB-B11D628418A2}.Release|Any CPU.ActiveCfg = Release|Any CPU
		{2BDD84C2-3615-414C-93FB-B11D628418A2}.Release|Any CPU.Build.0 = Release|Any CPU
	EndGlobalSection
	GlobalSection(SolutionProperties) = preSolution
		HideSolutionNode = FALSE
	EndGlobalSection
	GlobalSection(ExtensibilityGlobals) = postSolution
		SolutionGuid = {872D621B-EED6-49F1-B3A3-7F61FCC19B11}
	EndGlobalSection
EndGlobal
